
Microsoft Visual Studio Solution File, Format Version 12.00
# Visual Studio 15
VisualStudioVersion = 15.0.27703.2000
MinimumVisualStudioVersion = 10.0.40219.1
Project("{FAE04EC0-301F-11D3-BF4B-00C04F79EFBC}") = "AdminApps", "AdminApps\AdminApps.csproj", "{239616F3-0382-472E-8176-537655D8319C}"
EndProject
Project("{FAE04EC0-301F-11D3-BF4B-00C04F79EFBC}") = "AdminApps.Tests", "AdminApps.Tests\AdminApps.Tests.csproj", "{64AB38AF-F3DB-483E-9E7E-89F8FCDE2248}"
EndProject
Project("{FAE04EC0-301F-11D3-BF4B-00C04F79EFBC}") = "AdminLib", "AdminLib\AdminLib.csproj", "{85309EC2-4A5D-4AF0-854B-4F1B348189CA}"
EndProject
Project("{D954291E-2A0B-460D-934E-DC6B0785DB48}") = "SharedApp", "SharedApp\SharedApp.shproj", "{C4B840F0-C6A7-4511-93C1-C5B4BCB6CAFC}"
EndProject
Project("{2150E333-8FDC-42A3-9474-1A3956D46DE8}") = "Mobile", "Mobile", "{1CDE7626-8FFE-44A0-A8A4-3940EBB69A40}"
EndProject
Project("{FAE04EC0-301F-11D3-BF4B-00C04F79EFBC}") = "AndroidApp.Android", "AndroidApp\AndroidApp.Android\AndroidApp.Android.csproj", "{A7C6E507-57FF-409C-A13C-D2587BD7E19D}"
EndProject
Project("{FAE04EC0-301F-11D3-BF4B-00C04F79EFBC}") = "AndroidApp", "AndroidApp\AndroidApp\AndroidApp.csproj", "{26A565C8-378E-46E1-8EF7-C9D885AA8CE5}"
EndProject
Global
	GlobalSection(SharedMSBuildProjectFiles) = preSolution
		SharedApp\SharedApp.projitems*{85309ec2-4a5d-4af0-854b-4f1b348189ca}*SharedItemsImports = 4
		SharedApp\SharedApp.projitems*{c4b840f0-c6a7-4511-93c1-c5b4bcb6cafc}*SharedItemsImports = 13
	EndGlobalSection
	GlobalSection(SolutionConfigurationPlatforms) = preSolution
		Debug|Any CPU = Debug|Any CPU
		Release|Any CPU = Release|Any CPU
	EndGlobalSection
	GlobalSection(ProjectConfigurationPlatforms) = postSolution
		{239616F3-0382-472E-8176-537655D8319C}.Debug|Any CPU.ActiveCfg = Debug|Any CPU
		{239616F3-0382-472E-8176-537655D8319C}.Debug|Any CPU.Build.0 = Debug|Any CPU
		{239616F3-0382-472E-8176-537655D8319C}.Release|Any CPU.ActiveCfg = Release|Any CPU
		{239616F3-0382-472E-8176-537655D8319C}.Release|Any CPU.Build.0 = Release|Any CPU
		{64AB38AF-F3DB-483E-9E7E-89F8FCDE2248}.Debug|Any CPU.ActiveCfg = Debug|Any CPU
		{64AB38AF-F3DB-483E-9E7E-89F8FCDE2248}.Debug|Any CPU.Build.0 = Debug|Any CPU
		{64AB38AF-F3DB-483E-9E7E-89F8FCDE2248}.Release|Any CPU.ActiveCfg = Release|Any CPU
		{64AB38AF-F3DB-483E-9E7E-89F8FCDE2248}.Release|Any CPU.Build.0 = Release|Any CPU
		{85309EC2-4A5D-4AF0-854B-4F1B348189CA}.Debug|Any CPU.ActiveCfg = Debug|Any CPU
		{85309EC2-4A5D-4AF0-854B-4F1B348189CA}.Debug|Any CPU.Build.0 = Debug|Any CPU
		{85309EC2-4A5D-4AF0-854B-4F1B348189CA}.Release|Any CPU.ActiveCfg = Release|Any CPU
		{85309EC2-4A5D-4AF0-854B-4F1B348189CA}.Release|Any CPU.Build.0 = Release|Any CPU
		{A7C6E507-57FF-409C-A13C-D2587BD7E19D}.Debug|Any CPU.ActiveCfg = Debug|Any CPU
		{A7C6E507-57FF-409C-A13C-D2587BD7E19D}.Debug|Any CPU.Build.0 = Debug|Any CPU
		{A7C6E507-57FF-409C-A13C-D2587BD7E19D}.Debug|Any CPU.Deploy.0 = Debug|Any CPU
		{A7C6E507-57FF-409C-A13C-D2587BD7E19D}.Release|Any CPU.ActiveCfg = Release|Any CPU
		{A7C6E507-57FF-409C-A13C-D2587BD7E19D}.Release|Any CPU.Build.0 = Release|Any CPU
		{A7C6E507-57FF-409C-A13C-D2587BD7E19D}.Release|Any CPU.Deploy.0 = Release|Any CPU
		{26A565C8-378E-46E1-8EF7-C9D885AA8CE5}.Debug|Any CPU.ActiveCfg = Debug|Any CPU
		{26A565C8-378E-46E1-8EF7-C9D885AA8CE5}.Debug|Any CPU.Build.0 = Debug|Any CPU
		{26A565C8-378E-46E1-8EF7-C9D885AA8CE5}.Release|Any CPU.ActiveCfg = Release|Any CPU
		{26A565C8-378E-46E1-8EF7-C9D885AA8CE5}.Release|Any CPU.Build.0 = Release|Any CPU
	EndGlobalSection
	GlobalSection(SolutionProperties) = preSolution
		HideSolutionNode = FALSE
	EndGlobalSection
	GlobalSection(NestedProjects) = preSolution
		{A7C6E507-57FF-409C-A13C-D2587BD7E19D} = {1CDE7626-8FFE-44A0-A8A4-3940EBB69A40}
	EndGlobalSection
	GlobalSection(ExtensibilityGlobals) = postSolution
		SolutionGuid = {C0D44F09-2D6D-4519-A23B-44C4C43EB8B7}
	EndGlobalSection
EndGlobal
